
Microsoft Visual Studio Solution File, Format Version 12.00
# Visual Studio Version 17
VisualStudioVersion = 17.14.36414.22 d17.14
MinimumVisualStudioVersion = 10.0.40219.1
Project("{FAE04EC0-301F-11D3-BF4B-00C04F79EFBC}") = "WebApplication1", "WebApplication1\WebApplication1.csproj", "{0E3F82AF-FE27-46E0-8D40-96AC3E355989}"
EndProject
Global
	GlobalSection(SolutionConfigurationPlatforms) = preSolution
		Debug|Any CPU = Debug|Any CPU
		Release|Any CPU = Release|Any CPU
	EndGlobalSection
	GlobalSection(ProjectConfigurationPlatforms) = postSolution
		{0E3F82AF-FE27-46E0-8D40-96AC3E355989}.Debug|Any CPU.ActiveCfg = Debug|Any CPU
		{0E3F82AF-FE27-46E0-8D40-96AC3E355989}.Debug|Any CPU.Build.0 = Debug|Any CPU
		{0E3F82AF-FE27-46E0-8D40-96AC3E355989}.Release|Any CPU.ActiveCfg = Release|Any CPU
		{0E3F82AF-FE27-46E0-8D40-96AC3E355989}.Release|Any CPU.Build.0 = Release|Any CPU
	EndGlobalSection
	GlobalSection(SolutionProperties) = preSolution
		HideSolutionNode = FALSE
	EndGlobalSection
	GlobalSection(ExtensibilityGlobals) = postSolution
		SolutionGuid = {DFE8C726-0DCC-4BA6-9F09-E0755AD6230C}
	EndGlobalSection
EndGlobal
